
Microsoft Visual Studio Solution File, Format Version 12.00
# Visual Studio Version 17
VisualStudioVersion = 17.2.32630.192
MinimumVisualStudioVersion = 10.0.40219.1
Project("{9A19103F-16F7-4668-BE54-9A1E7A4F7556}") = "STW.SurveyAppWithMVCBlazer", "STW.SurveyAppWithMVCBlazer.csproj", "{FC9C8DC8-7B46-400B-8E66-3AF1F7448CFE}"
EndProject
Global
	GlobalSection(SolutionConfigurationPlatforms) = preSolution
		Debug|Any CPU = Debug|Any CPU
		Release|Any CPU = Release|Any CPU
	EndGlobalSection
	GlobalSection(ProjectConfigurationPlatforms) = postSolution
		{FC9C8DC8-7B46-400B-8E66-3AF1F7448CFE}.Debug|Any CPU.ActiveCfg = Debug|Any CPU
		{FC9C8DC8-7B46-400B-8E66-3AF1F7448CFE}.Debug|Any CPU.Build.0 = Debug|Any CPU
		{FC9C8DC8-7B46-400B-8E66-3AF1F7448CFE}.Release|Any CPU.ActiveCfg = Release|Any CPU
		{FC9C8DC8-7B46-400B-8E66-3AF1F7448CFE}.Release|Any CPU.Build.0 = Release|Any CPU
	EndGlobalSection
	GlobalSection(SolutionProperties) = preSolution
		HideSolutionNode = FALSE
	EndGlobalSection
	GlobalSection(ExtensibilityGlobals) = postSolution
		SolutionGuid = {B9D19F0E-A058-47C2-9A06-D5B4D93E42C4}
	EndGlobalSection
EndGlobal
